// !$*UTF8*$!
{
	archiveVersion = 1;
	classes = {
	};
	objectVersion = 56;
	objects = {

/* Begin PBXBuildFile section */
		0D9AD0432B7D47E900651512 /* Assets.xcassets in Resources */ = {isa = PBXBuildFile; fileRef = 0D9AD0422B7D47E900651512 /* Assets.xcassets */; };
		0D9AD0462B7D47E900651512 /* Preview Assets.xcassets in Resources */ = {isa = PBXBuildFile; fileRef = 0D9AD0452B7D47E900651512 /* Preview Assets.xcassets */; };
		0D9AD0512B7D491E00651512 /* AppDelegate.swift in Sources */ = {isa = PBXBuildFile; fileRef = 0D9AD0502B7D491E00651512 /* AppDelegate.swift */; };
		0D9AD0532B7D493B00651512 /* SceneDelegate.swift in Sources */ = {isa = PBXBuildFile; fileRef = 0D9AD0522B7D493B00651512 /* SceneDelegate.swift */; };
		0D9AD0552B7D498100651512 /* NavigationRouterProtocol.swift in Sources */ = {isa = PBXBuildFile; fileRef = 0D9AD0542B7D498100651512 /* NavigationRouterProtocol.swift */; };
		0D9AD0572B7D499900651512 /* NavigationTransitionStyle.swift in Sources */ = {isa = PBXBuildFile; fileRef = 0D9AD0562B7D499900651512 /* NavigationTransitionStyle.swift */; };
		0D9AD0592B7D49E300651512 /* Coordinator.swift in Sources */ = {isa = PBXBuildFile; fileRef = 0D9AD0582B7D49E300651512 /* Coordinator.swift */; };
		0D9AD05B2B7D4A0C00651512 /* MapRouter.swift in Sources */ = {isa = PBXBuildFile; fileRef = 0D9AD05A2B7D4A0B00651512 /* MapRouter.swift */; };
		0D9AD05D2B7D4A7A00651512 /* ImageNameType.swift in Sources */ = {isa = PBXBuildFile; fileRef = 0D9AD05C2B7D4A7A00651512 /* ImageNameType.swift */; };
		0D9AD05F2B7D4ABF00651512 /* MainView.swift in Sources */ = {isa = PBXBuildFile; fileRef = 0D9AD05E2B7D4ABF00651512 /* MainView.swift */; };
		0D9AD0612B7D4AE000651512 /* ImageDescriptionView.swift in Sources */ = {isa = PBXBuildFile; fileRef = 0D9AD0602B7D4AE000651512 /* ImageDescriptionView.swift */; };
		0D9AD0642B7D4DB600651512 /* Image+Init.swift in Sources */ = {isa = PBXBuildFile; fileRef = 0D9AD0632B7D4DB600651512 /* Image+Init.swift */; };
		0D9AD0682B7D51B400651512 /* MainViewModel.swift in Sources */ = {isa = PBXBuildFile; fileRef = 0D9AD0672B7D51B400651512 /* MainViewModel.swift */; };
		0D9AD06A2B7D52CD00651512 /* ButtonView.swift in Sources */ = {isa = PBXBuildFile; fileRef = 0D9AD0692B7D52CD00651512 /* ButtonView.swift */; };
		0D9AD06D2B7E01F000651512 /* BlueButtonModifier.swift in Sources */ = {isa = PBXBuildFile; fileRef = 0D9AD06C2B7E01F000651512 /* BlueButtonModifier.swift */; };
		0D9AD06F2B7E105E00651512 /* AppSizes.swift in Sources */ = {isa = PBXBuildFile; fileRef = 0D9AD06E2B7E105E00651512 /* AppSizes.swift */; };
		0D9AD0712B7E12F100651512 /* AppConstances.swift in Sources */ = {isa = PBXBuildFile; fileRef = 0D9AD0702B7E12F100651512 /* AppConstances.swift */; };
/* End PBXBuildFile section */

/* Begin PBXFileReference section */
		0D9AD03B2B7D47E600651512 /* ImageAndThreeButtonsTestAppSwiftUI.app */ = {isa = PBXFileReference; explicitFileType = wrapper.application; includeInIndex = 0; path = ImageAndThreeButtonsTestAppSwiftUI.app; sourceTree = BUILT_PRODUCTS_DIR; };
		0D9AD0422B7D47E900651512 /* Assets.xcassets */ = {isa = PBXFileReference; lastKnownFileType = folder.assetcatalog; path = Assets.xcassets; sourceTree = "<group>"; };
		0D9AD0452B7D47E900651512 /* Preview Assets.xcassets */ = {isa = PBXFileReference; lastKnownFileType = folder.assetcatalog; path = "Preview Assets.xcassets"; sourceTree = "<group>"; };
		0D9AD0502B7D491E00651512 /* AppDelegate.swift */ = {isa = PBXFileReference; lastKnownFileType = sourcecode.swift; path = AppDelegate.swift; sourceTree = "<group>"; };
		0D9AD0522B7D493B00651512 /* SceneDelegate.swift */ = {isa = PBXFileReference; lastKnownFileType = sourcecode.swift; path = SceneDelegate.swift; sourceTree = "<group>"; };
		0D9AD0542B7D498100651512 /* NavigationRouterProtocol.swift */ = {isa = PBXFileReference; lastKnownFileType = sourcecode.swift; path = NavigationRouterProtocol.swift; sourceTree = "<group>"; };
		0D9AD0562B7D499900651512 /* NavigationTransitionStyle.swift */ = {isa = PBXFileReference; lastKnownFileType = sourcecode.swift; path = NavigationTransitionStyle.swift; sourceTree = "<group>"; };
		0D9AD0582B7D49E300651512 /* Coordinator.swift */ = {isa = PBXFileReference; lastKnownFileType = sourcecode.swift; path = Coordinator.swift; sourceTree = "<group>"; };
		0D9AD05A2B7D4A0B00651512 /* MapRouter.swift */ = {isa = PBXFileReference; lastKnownFileType = sourcecode.swift; path = MapRouter.swift; sourceTree = "<group>"; };
		0D9AD05C2B7D4A7A00651512 /* ImageNameType.swift */ = {isa = PBXFileReference; lastKnownFileType = sourcecode.swift; path = ImageNameType.swift; sourceTree = "<group>"; };
		0D9AD05E2B7D4ABF00651512 /* MainView.swift */ = {isa = PBXFileReference; lastKnownFileType = sourcecode.swift; path = MainView.swift; sourceTree = "<group>"; };
		0D9AD0602B7D4AE000651512 /* ImageDescriptionView.swift */ = {isa = PBXFileReference; lastKnownFileType = sourcecode.swift; path = ImageDescriptionView.swift; sourceTree = "<group>"; };
		0D9AD0632B7D4DB600651512 /* Image+Init.swift */ = {isa = PBXFileReference; lastKnownFileType = sourcecode.swift; path = "Image+Init.swift"; sourceTree = "<group>"; };
		0D9AD0672B7D51B400651512 /* MainViewModel.swift */ = {isa = PBXFileReference; lastKnownFileType = sourcecode.swift; path = MainViewModel.swift; sourceTree = "<group>"; };
		0D9AD0692B7D52CD00651512 /* ButtonView.swift */ = {isa = PBXFileReference; lastKnownFileType = sourcecode.swift; path = ButtonView.swift; sourceTree = "<group>"; };
		0D9AD06C2B7E01F000651512 /* BlueButtonModifier.swift */ = {isa = PBXFileReference; lastKnownFileType = sourcecode.swift; path = BlueButtonModifier.swift; sourceTree = "<group>"; };
		0D9AD06E2B7E105E00651512 /* AppSizes.swift */ = {isa = PBXFileReference; lastKnownFileType = sourcecode.swift; path = AppSizes.swift; sourceTree = "<group>"; };
		0D9AD0702B7E12F100651512 /* AppConstances.swift */ = {isa = PBXFileReference; lastKnownFileType = sourcecode.swift; path = AppConstances.swift; sourceTree = "<group>"; };
/* End PBXFileReference section */

/* Begin PBXFrameworksBuildPhase section */
		0D9AD0382B7D47E600651512 /* Frameworks */ = {
			isa = PBXFrameworksBuildPhase;
			buildActionMask = 2147483647;
			files = (
			);
			runOnlyForDeploymentPostprocessing = 0;
		};
/* End PBXFrameworksBuildPhase section */

/* Begin PBXGroup section */
		0D9AD0322B7D47E600651512 = {
			isa = PBXGroup;
			children = (
				0D9AD03D2B7D47E600651512 /* ImageAndThreeButtonsTestAppSwiftUI */,
				0D9AD03C2B7D47E600651512 /* Products */,
			);
			sourceTree = "<group>";
		};
		0D9AD03C2B7D47E600651512 /* Products */ = {
			isa = PBXGroup;
			children = (
				0D9AD03B2B7D47E600651512 /* ImageAndThreeButtonsTestAppSwiftUI.app */,
			);
			name = Products;
			sourceTree = "<group>";
		};
		0D9AD03D2B7D47E600651512 /* ImageAndThreeButtonsTestAppSwiftUI */ = {
			isa = PBXGroup;
			children = (
				0D9AD0502B7D491E00651512 /* AppDelegate.swift */,
				0D9AD0522B7D493B00651512 /* SceneDelegate.swift */,
				0D9AD04C2B7D48C300651512 /* Screens */,
				0D9AD04F2B7D48E600651512 /* Views */,
				0D9AD04E2B7D48D900651512 /* Utilities */,
				0D9AD04D2B7D48CF00651512 /* Coordinator */,
				0D9AD06B2B7E01CA00651512 /* Modifiers */,
				0D9AD0622B7D4D8B00651512 /* Extensions */,
				0D9AD0422B7D47E900651512 /* Assets.xcassets */,
				0D9AD0442B7D47E900651512 /* Preview Content */,
			);
			path = ImageAndThreeButtonsTestAppSwiftUI;
			sourceTree = "<group>";
		};
		0D9AD0442B7D47E900651512 /* Preview Content */ = {
			isa = PBXGroup;
			children = (
				0D9AD0452B7D47E900651512 /* Preview Assets.xcassets */,
			);
			path = "Preview Content";
			sourceTree = "<group>";
		};
		0D9AD04C2B7D48C300651512 /* Screens */ = {
			isa = PBXGroup;
			children = (
				0D9AD0652B7D519000651512 /* Main */,
				0D9AD0662B7D519D00651512 /* Description */,
			);
			path = Screens;
			sourceTree = "<group>";
		};
		0D9AD04D2B7D48CF00651512 /* Coordinator */ = {
			isa = PBXGroup;
			children = (
				0D9AD0542B7D498100651512 /* NavigationRouterProtocol.swift */,
				0D9AD0562B7D499900651512 /* NavigationTransitionStyle.swift */,
				0D9AD0582B7D49E300651512 /* Coordinator.swift */,
				0D9AD05A2B7D4A0B00651512 /* MapRouter.swift */,
			);
			path = Coordinator;
			sourceTree = "<group>";
		};
		0D9AD04E2B7D48D900651512 /* Utilities */ = {
			isa = PBXGroup;
			children = (
				0D9AD05C2B7D4A7A00651512 /* ImageNameType.swift */,
				0D9AD06E2B7E105E00651512 /* AppSizes.swift */,
				0D9AD0702B7E12F100651512 /* AppConstances.swift */,
			);
			path = Utilities;
			sourceTree = "<group>";
		};
		0D9AD04F2B7D48E600651512 /* Views */ = {
			isa = PBXGroup;
			children = (
				0D9AD0692B7D52CD00651512 /* ButtonView.swift */,
			);
			path = Views;
			sourceTree = "<group>";
		};
		0D9AD0622B7D4D8B00651512 /* Extensions */ = {
			isa = PBXGroup;
			children = (
				0D9AD0632B7D4DB600651512 /* Image+Init.swift */,
			);
			path = Extensions;
			sourceTree = "<group>";
		};
		0D9AD0652B7D519000651512 /* Main */ = {
			isa = PBXGroup;
			children = (
				0D9AD05E2B7D4ABF00651512 /* MainView.swift */,
				0D9AD0672B7D51B400651512 /* MainViewModel.swift */,
			);
			path = Main;
			sourceTree = "<group>";
		};
		0D9AD0662B7D519D00651512 /* Description */ = {
			isa = PBXGroup;
			children = (
				0D9AD0602B7D4AE000651512 /* ImageDescriptionView.swift */,
			);
			path = Description;
			sourceTree = "<group>";
		};
		0D9AD06B2B7E01CA00651512 /* Modifiers */ = {
			isa = PBXGroup;
			children = (
				0D9AD06C2B7E01F000651512 /* BlueButtonModifier.swift */,
			);
			path = Modifiers;
			sourceTree = "<group>";
		};
/* End PBXGroup section */

/* Begin PBXNativeTarget section */
		0D9AD03A2B7D47E600651512 /* ImageAndThreeButtonsTestAppSwiftUI */ = {
			isa = PBXNativeTarget;
			buildConfigurationList = 0D9AD0492B7D47E900651512 /* Build configuration list for PBXNativeTarget "ImageAndThreeButtonsTestAppSwiftUI" */;
			buildPhases = (
				0D9AD0372B7D47E600651512 /* Sources */,
				0D9AD0382B7D47E600651512 /* Frameworks */,
				0D9AD0392B7D47E600651512 /* Resources */,
			);
			buildRules = (
			);
			dependencies = (
			);
			name = ImageAndThreeButtonsTestAppSwiftUI;
			productName = ImageAndThreeButtonsTestAppSwiftUI;
			productReference = 0D9AD03B2B7D47E600651512 /* ImageAndThreeButtonsTestAppSwiftUI.app */;
			productType = "com.apple.product-type.application";
		};
/* End PBXNativeTarget section */

/* Begin PBXProject section */
		0D9AD0332B7D47E600651512 /* Project object */ = {
			isa = PBXProject;
			attributes = {
				BuildIndependentTargetsInParallel = 1;
				LastSwiftUpdateCheck = 1520;
				LastUpgradeCheck = 1520;
				TargetAttributes = {
					0D9AD03A2B7D47E600651512 = {
						CreatedOnToolsVersion = 15.2;
					};
				};
			};
			buildConfigurationList = 0D9AD0362B7D47E600651512 /* Build configuration list for PBXProject "ImageAndThreeButtonsTestAppSwiftUI" */;
			compatibilityVersion = "Xcode 14.0";
			developmentRegion = en;
			hasScannedForEncodings = 0;
			knownRegions = (
				en,
				Base,
			);
			mainGroup = 0D9AD0322B7D47E600651512;
			productRefGroup = 0D9AD03C2B7D47E600651512 /* Products */;
			projectDirPath = "";
			projectRoot = "";
			targets = (
				0D9AD03A2B7D47E600651512 /* ImageAndThreeButtonsTestAppSwiftUI */,
			);
		};
/* End PBXProject section */

/* Begin PBXResourcesBuildPhase section */
		0D9AD0392B7D47E600651512 /* Resources */ = {
			isa = PBXResourcesBuildPhase;
			buildActionMask = 2147483647;
			files = (
				0D9AD0462B7D47E900651512 /* Preview Assets.xcassets in Resources */,
				0D9AD0432B7D47E900651512 /* Assets.xcassets in Resources */,
			);
			runOnlyForDeploymentPostprocessing = 0;
		};
/* End PBXResourcesBuildPhase section */

/* Begin PBXSourcesBuildPhase section */
		0D9AD0372B7D47E600651512 /* Sources */ = {
			isa = PBXSourcesBuildPhase;
			buildActionMask = 2147483647;
			files = (
				0D9AD06F2B7E105E00651512 /* AppSizes.swift in Sources */,
				0D9AD0512B7D491E00651512 /* AppDelegate.swift in Sources */,
				0D9AD06D2B7E01F000651512 /* BlueButtonModifier.swift in Sources */,
				0D9AD05B2B7D4A0C00651512 /* MapRouter.swift in Sources */,
				0D9AD0712B7E12F100651512 /* AppConstances.swift in Sources */,
				0D9AD06A2B7D52CD00651512 /* ButtonView.swift in Sources */,
				0D9AD05F2B7D4ABF00651512 /* MainView.swift in Sources */,
				0D9AD0642B7D4DB600651512 /* Image+Init.swift in Sources */,
				0D9AD0532B7D493B00651512 /* SceneDelegate.swift in Sources */,
				0D9AD0612B7D4AE000651512 /* ImageDescriptionView.swift in Sources */,
				0D9AD0572B7D499900651512 /* NavigationTransitionStyle.swift in Sources */,
				0D9AD0552B7D498100651512 /* NavigationRouterProtocol.swift in Sources */,
				0D9AD05D2B7D4A7A00651512 /* ImageNameType.swift in Sources */,
				0D9AD0592B7D49E300651512 /* Coordinator.swift in Sources */,
				0D9AD0682B7D51B400651512 /* MainViewModel.swift in Sources */,
			);
			runOnlyForDeploymentPostprocessing = 0;
		};
/* End PBXSourcesBuildPhase section */

/* Begin XCBuildConfiguration section */
		0D9AD0472B7D47E900651512 /* Debug */ = {
			isa = XCBuildConfiguration;
			buildSettings = {
				ALWAYS_SEARCH_USER_PATHS = NO;
				ASSETCATALOG_COMPILER_GENERATE_SWIFT_ASSET_SYMBOL_EXTENSIONS = YES;
				CLANG_ANALYZER_NONNULL = YES;
				CLANG_ANALYZER_NUMBER_OBJECT_CONVERSION = YES_AGGRESSIVE;
				CLANG_CXX_LANGUAGE_STANDARD = "gnu++20";
				CLANG_ENABLE_MODULES = YES;
				CLANG_ENABLE_OBJC_ARC = YES;
				CLANG_ENABLE_OBJC_WEAK = YES;
				CLANG_WARN_BLOCK_CAPTURE_AUTORELEASING = YES;
				CLANG_WARN_BOOL_CONVERSION = YES;
				CLANG_WARN_COMMA = YES;
				CLANG_WARN_CONSTANT_CONVERSION = YES;
				CLANG_WARN_DEPRECATED_OBJC_IMPLEMENTATIONS = YES;
				CLANG_WARN_DIRECT_OBJC_ISA_USAGE = YES_ERROR;
				CLANG_WARN_DOCUMENTATION_COMMENTS = YES;
				CLANG_WARN_EMPTY_BODY = YES;
				CLANG_WARN_ENUM_CONVERSION = YES;
				CLANG_WARN_INFINITE_RECURSION = YES;
				CLANG_WARN_INT_CONVERSION = YES;
				CLANG_WARN_NON_LITERAL_NULL_CONVERSION = YES;
				CLANG_WARN_OBJC_IMPLICIT_RETAIN_SELF = YES;
				CLANG_WARN_OBJC_LITERAL_CONVERSION = YES;
				CLANG_WARN_OBJC_ROOT_CLASS = YES_ERROR;
				CLANG_WARN_QUOTED_INCLUDE_IN_FRAMEWORK_HEADER = YES;
				CLANG_WARN_RANGE_LOOP_ANALYSIS = YES;
				CLANG_WARN_STRICT_PROTOTYPES = YES;
				CLANG_WARN_SUSPICIOUS_MOVE = YES;
				CLANG_WARN_UNGUARDED_AVAILABILITY = YES_AGGRESSIVE;
				CLANG_WARN_UNREACHABLE_CODE = YES;
				CLANG_WARN__DUPLICATE_METHOD_MATCH = YES;
				COPY_PHASE_STRIP = NO;
				DEBUG_INFORMATION_FORMAT = dwarf;
				ENABLE_STRICT_OBJC_MSGSEND = YES;
				ENABLE_TESTABILITY = YES;
				ENABLE_USER_SCRIPT_SANDBOXING = YES;
				GCC_C_LANGUAGE_STANDARD = gnu17;
				GCC_DYNAMIC_NO_PIC = NO;
				GCC_NO_COMMON_BLOCKS = YES;
				GCC_OPTIMIZATION_LEVEL = 0;
				GCC_PREPROCESSOR_DEFINITIONS = (
					"DEBUG=1",
					"$(inherited)",
				);
				GCC_WARN_64_TO_32_BIT_CONVERSION = YES;
				GCC_WARN_ABOUT_RETURN_TYPE = YES_ERROR;
				GCC_WARN_UNDECLARED_SELECTOR = YES;
				GCC_WARN_UNINITIALIZED_AUTOS = YES_AGGRESSIVE;
				GCC_WARN_UNUSED_FUNCTION = YES;
				GCC_WARN_UNUSED_VARIABLE = YES;
				IPHONEOS_DEPLOYMENT_TARGET = 17.2;
				LOCALIZATION_PREFERS_STRING_CATALOGS = YES;
				MTL_ENABLE_DEBUG_INFO = INCLUDE_SOURCE;
				MTL_FAST_MATH = YES;
				ONLY_ACTIVE_ARCH = YES;
				SDKROOT = iphoneos;
				SWIFT_ACTIVE_COMPILATION_CONDITIONS = "DEBUG $(inherited)";
				SWIFT_OPTIMIZATION_LEVEL = "-Onone";
			};
			name = Debug;
		};
		0D9AD0482B7D47E900651512 /* Release */ = {
			isa = XCBuildConfiguration;
			buildSettings = {
				ALWAYS_SEARCH_USER_PATHS = NO;
				ASSETCATALOG_COMPILER_GENERATE_SWIFT_ASSET_SYMBOL_EXTENSIONS = YES;
				CLANG_ANALYZER_NONNULL = YES;
				CLANG_ANALYZER_NUMBER_OBJECT_CONVERSION = YES_AGGRESSIVE;
				CLANG_CXX_LANGUAGE_STANDARD = "gnu++20";
				CLANG_ENABLE_MODULES = YES;
				CLANG_ENABLE_OBJC_ARC = YES;
				CLANG_ENABLE_OBJC_WEAK = YES;
				CLANG_WARN_BLOCK_CAPTURE_AUTORELEASING = YES;
				CLANG_WARN_BOOL_CONVERSION = YES;
				CLANG_WARN_COMMA = YES;
				CLANG_WARN_CONSTANT_CONVERSION = YES;
				CLANG_WARN_DEPRECATED_OBJC_IMPLEMENTATIONS = YES;
				CLANG_WARN_DIRECT_OBJC_ISA_USAGE = YES_ERROR;
				CLANG_WARN_DOCUMENTATION_COMMENTS = YES;
				CLANG_WARN_EMPTY_BODY = YES;
				CLANG_WARN_ENUM_CONVERSION = YES;
				CLANG_WARN_INFINITE_RECURSION = YES;
				CLANG_WARN_INT_CONVERSION = YES;
				CLANG_WARN_NON_LITERAL_NULL_CONVERSION = YES;
				CLANG_WARN_OBJC_IMPLICIT_RETAIN_SELF = YES;
				CLANG_WARN_OBJC_LITERAL_CONVERSION = YES;
				CLANG_WARN_OBJC_ROOT_CLASS = YES_ERROR;
				CLANG_WARN_QUOTED_INCLUDE_IN_FRAMEWORK_HEADER = YES;
				CLANG_WARN_RANGE_LOOP_ANALYSIS = YES;
				CLANG_WARN_STRICT_PROTOTYPES = YES;
				CLANG_WARN_SUSPICIOUS_MOVE = YES;
				CLANG_WARN_UNGUARDED_AVAILABILITY = YES_AGGRESSIVE;
				CLANG_WARN_UNREACHABLE_CODE = YES;
				CLANG_WARN__DUPLICATE_METHOD_MATCH = YES;
				COPY_PHASE_STRIP = NO;
				DEBUG_INFORMATION_FORMAT = "dwarf-with-dsym";
				ENABLE_NS_ASSERTIONS = NO;
				ENABLE_STRICT_OBJC_MSGSEND = YES;
				ENABLE_USER_SCRIPT_SANDBOXING = YES;
				GCC_C_LANGUAGE_STANDARD = gnu17;
				GCC_NO_COMMON_BLOCKS = YES;
				GCC_WARN_64_TO_32_BIT_CONVERSION = YES;
				GCC_WARN_ABOUT_RETURN_TYPE = YES_ERROR;
				GCC_WARN_UNDECLARED_SELECTOR = YES;
				GCC_WARN_UNINITIALIZED_AUTOS = YES_AGGRESSIVE;
				GCC_WARN_UNUSED_FUNCTION = YES;
				GCC_WARN_UNUSED_VARIABLE = YES;
				IPHONEOS_DEPLOYMENT_TARGET = 17.2;
				LOCALIZATION_PREFERS_STRING_CATALOGS = YES;
				MTL_ENABLE_DEBUG_INFO = NO;
				MTL_FAST_MATH = YES;
				SDKROOT = iphoneos;
				SWIFT_COMPILATION_MODE = wholemodule;
				VALIDATE_PRODUCT = YES;
			};
			name = Release;
		};
		0D9AD04A2B7D47E900651512 /* Debug */ = {
			isa = XCBuildConfiguration;
			buildSettings = {
				ASSETCATALOG_COMPILER_APPICON_NAME = AppIcon;
				ASSETCATALOG_COMPILER_GLOBAL_ACCENT_COLOR_NAME = AccentColor;
				CODE_SIGN_STYLE = Automatic;
				CURRENT_PROJECT_VERSION = 1;
				DEVELOPMENT_ASSET_PATHS = "\"ImageAndThreeButtonsTestAppSwiftUI/Preview Content\"";
				DEVELOPMENT_TEAM = 4LMH8QQN35;
				ENABLE_PREVIEWS = YES;
				GENERATE_INFOPLIST_FILE = YES;
				INFOPLIST_KEY_UIApplicationSceneManifest_Generation = YES;
				INFOPLIST_KEY_UIApplicationSupportsIndirectInputEvents = YES;
				INFOPLIST_KEY_UILaunchScreen_Generation = YES;
				INFOPLIST_KEY_UISupportedInterfaceOrientations_iPad = "UIInterfaceOrientationPortrait UIInterfaceOrientationPortraitUpsideDown UIInterfaceOrientationLandscapeLeft UIInterfaceOrientationLandscapeRight";
				INFOPLIST_KEY_UISupportedInterfaceOrientations_iPhone = "UIInterfaceOrientationPortrait UIInterfaceOrientationLandscapeLeft UIInterfaceOrientationLandscapeRight";
				LD_RUNPATH_SEARCH_PATHS = (
					"$(inherited)",
					"@executable_path/Frameworks",
				);
				MARKETING_VERSION = 1.0;
				PRODUCT_BUNDLE_IDENTIFIER = com.markov.ImageAndThreeButtonsTestAppSwiftUI;
				PRODUCT_NAME = "$(TARGET_NAME)";
				SWIFT_EMIT_LOC_STRINGS = YES;
				SWIFT_VERSION = 5.0;
				TARGETED_DEVICE_FAMILY = "1,2";
			};
			name = Debug;
		};
		0D9AD04B2B7D47E900651512 /* Release */ = {
			isa = XCBuildConfiguration;
			buildSettings = {
				ASSETCATALOG_COMPILER_APPICON_NAME = AppIcon;
				ASSETCATALOG_COMPILER_GLOBAL_ACCENT_COLOR_NAME = AccentColor;
				CODE_SIGN_STYLE = Automatic;
				CURRENT_PROJECT_VERSION = 1;
				DEVELOPMENT_ASSET_PATHS = "\"ImageAndThreeButtonsTestAppSwiftUI/Preview Content\"";
				DEVELOPMENT_TEAM = 4LMH8QQN35;
				ENABLE_PREVIEWS = YES;
				GENERATE_INFOPLIST_FILE = YES;
				INFOPLIST_KEY_UIApplicationSceneManifest_Generation = YES;
				INFOPLIST_KEY_UIApplicationSupportsIndirectInputEvents = YES;
				INFOPLIST_KEY_UILaunchScreen_Generation = YES;
				INFOPLIST_KEY_UISupportedInterfaceOrientations_iPad = "UIInterfaceOrientationPortrait UIInterfaceOrientationPortraitUpsideDown UIInterfaceOrientationLandscapeLeft UIInterfaceOrientationLandscapeRight";
				INFOPLIST_KEY_UISupportedInterfaceOrientations_iPhone = "UIInterfaceOrientationPortrait UIInterfaceOrientationLandscapeLeft UIInterfaceOrientationLandscapeRight";
				LD_RUNPATH_SEARCH_PATHS = (
					"$(inherited)",
					"@executable_path/Frameworks",
				);
				MARKETING_VERSION = 1.0;
				PRODUCT_BUNDLE_IDENTIFIER = com.markov.ImageAndThreeButtonsTestAppSwiftUI;
				PRODUCT_NAME = "$(TARGET_NAME)";
				SWIFT_EMIT_LOC_STRINGS = YES;
				SWIFT_VERSION = 5.0;
				TARGETED_DEVICE_FAMILY = "1,2";
			};
			name = Release;
		};
/* End XCBuildConfiguration section */

/* Begin XCConfigurationList section */
		0D9AD0362B7D47E600651512 /* Build configuration list for PBXProject "ImageAndThreeButtonsTestAppSwiftUI" */ = {
			isa = XCConfigurationList;
			buildConfigurations = (
				0D9AD0472B7D47E900651512 /* Debug */,
				0D9AD0482B7D47E900651512 /* Release */,
			);
			defaultConfigurationIsVisible = 0;
			defaultConfigurationName = Release;
		};
		0D9AD0492B7D47E900651512 /* Build configuration list for PBXNativeTarget "ImageAndThreeButtonsTestAppSwiftUI" */ = {
			isa = XCConfigurationList;
			buildConfigurations = (
				0D9AD04A2B7D47E900651512 /* Debug */,
				0D9AD04B2B7D47E900651512 /* Release */,
			);
			defaultConfigurationIsVisible = 0;
			defaultConfigurationName = Release;
		};
/* End XCConfigurationList section */
	};
	rootObject = 0D9AD0332B7D47E600651512 /* Project object */;
}
